// !$*UTF8*$!
{
	archiveVersion = 1;
	classes = {
	};
	objectVersion = 46;
	objects = {

/* Begin PBXBuildFile section */
		3B6F41601B861E7000DC5892 /* AppDelegate.swift in Sources */ = {isa = PBXBuildFile; fileRef = 3B6F415F1B861E7000DC5892 /* AppDelegate.swift */; };
		3B6F41621B861E7000DC5892 /* ViewController.swift in Sources */ = {isa = PBXBuildFile; fileRef = 3B6F41611B861E7000DC5892 /* ViewController.swift */; };
		3B6F41651B861E7000DC5892 /* Main.storyboard in Resources */ = {isa = PBXBuildFile; fileRef = 3B6F41631B861E7000DC5892 /* Main.storyboard */; };
		3B6F41671B861E7000DC5892 /* Assets.xcassets in Resources */ = {isa = PBXBuildFile; fileRef = 3B6F41661B861E7000DC5892 /* Assets.xcassets */; };
		3B6F416A1B861E7000DC5892 /* LaunchScreen.storyboard in Resources */ = {isa = PBXBuildFile; fileRef = 3B6F41681B861E7000DC5892 /* LaunchScreen.storyboard */; };
		3B6F41721B86383C00DC5892 /* FactBook.swift in Sources */ = {isa = PBXBuildFile; fileRef = 3B6F41711B86383C00DC5892 /* FactBook.swift */; };
		3B6F41741B86442300DC5892 /* ColorWheel.swift in Sources */ = {isa = PBXBuildFile; fileRef = 3B6F41731B86442300DC5892 /* ColorWheel.swift */; };
/* End PBXBuildFile section */

/* Begin PBXFileReference section */
		3B6F415C1B861E7000DC5892 /* Fun Facts.app */ = {isa = PBXFileReference; explicitFileType = wrapper.application; includeInIndex = 0; path = "Fun Facts.app"; sourceTree = BUILT_PRODUCTS_DIR; };
		3B6F415F1B861E7000DC5892 /* AppDelegate.swift */ = {isa = PBXFileReference; lastKnownFileType = sourcecode.swift; path = AppDelegate.swift; sourceTree = "<group>"; };
		3B6F41611B861E7000DC5892 /* ViewController.swift */ = {isa = PBXFileReference; lastKnownFileType = sourcecode.swift; path = ViewController.swift; sourceTree = "<group>"; };
		3B6F41641B861E7000DC5892 /* Base */ = {isa = PBXFileReference; lastKnownFileType = file.storyboard; name = Base; path = Base.lproj/Main.storyboard; sourceTree = "<group>"; };
		3B6F41661B861E7000DC5892 /* Assets.xcassets */ = {isa = PBXFileReference; lastKnownFileType = folder.assetcatalog; path = Assets.xcassets; sourceTree = "<group>"; };
		3B6F41691B861E7000DC5892 /* Base */ = {isa = PBXFileReference; lastKnownFileType = file.storyboard; name = Base; path = Base.lproj/LaunchScreen.storyboard; sourceTree = "<group>"; };
		3B6F416B1B861E7000DC5892 /* Info.plist */ = {isa = PBXFileReference; lastKnownFileType = text.plist.xml; path = Info.plist; sourceTree = "<group>"; };
		3B6F41711B86383C00DC5892 /* FactBook.swift */ = {isa = PBXFileReference; fileEncoding = 4; lastKnownFileType = sourcecode.swift; path = FactBook.swift; sourceTree = "<group>"; };
		3B6F41731B86442300DC5892 /* ColorWheel.swift */ = {isa = PBXFileReference; fileEncoding = 4; lastKnownFileType = sourcecode.swift; path = ColorWheel.swift; sourceTree = "<group>"; };
/* End PBXFileReference section */

/* Begin PBXFrameworksBuildPhase section */
		3B6F41591B861E7000DC5892 /* Frameworks */ = {
			isa = PBXFrameworksBuildPhase;
			buildActionMask = 2147483647;
			files = (
			);
			runOnlyForDeploymentPostprocessing = 0;
		};
/* End PBXFrameworksBuildPhase section */

/* Begin PBXGroup section */
		3B6F41531B861E7000DC5892 = {
			isa = PBXGroup;
			children = (
				3B6F415E1B861E7000DC5892 /* Fun Facts */,
				3B6F415D1B861E7000DC5892 /* Products */,
			);
			sourceTree = "<group>";
		};
		3B6F415D1B861E7000DC5892 /* Products */ = {
			isa = PBXGroup;
			children = (
				3B6F415C1B861E7000DC5892 /* Fun Facts.app */,
			);
			name = Products;
			sourceTree = "<group>";
		};
		3B6F415E1B861E7000DC5892 /* Fun Facts */ = {
			isa = PBXGroup;
			children = (
				3B6F415F1B861E7000DC5892 /* AppDelegate.swift */,
				3B6F41611B861E7000DC5892 /* ViewController.swift */,
				3B6F41631B861E7000DC5892 /* Main.storyboard */,
				3B6F41661B861E7000DC5892 /* Assets.xcassets */,
				3B6F41681B861E7000DC5892 /* LaunchScreen.storyboard */,
				3B6F416B1B861E7000DC5892 /* Info.plist */,
				3B6F41711B86383C00DC5892 /* FactBook.swift */,
				3B6F41731B86442300DC5892 /* ColorWheel.swift */,
			);
			path = "Fun Facts";
			sourceTree = "<group>";
		};
/* End PBXGroup section */

/* Begin PBXNativeTarget section */
		3B6F415B1B861E7000DC5892 /* Fun Facts */ = {
			isa = PBXNativeTarget;
			buildConfigurationList = 3B6F416E1B861E7000DC5892 /* Build configuration list for PBXNativeTarget "Fun Facts" */;
			buildPhases = (
				3B6F41581B861E7000DC5892 /* Sources */,
				3B6F41591B861E7000DC5892 /* Frameworks */,
				3B6F415A1B861E7000DC5892 /* Resources */,
			);
			buildRules = (
			);
			dependencies = (
			);
			name = "Fun Facts";
			productName = "Fun Facts";
			productReference = 3B6F415C1B861E7000DC5892 /* Fun Facts.app */;
			productType = "com.apple.product-type.application";
		};
/* End PBXNativeTarget section */

/* Begin PBXProject section */
		3B6F41541B861E7000DC5892 /* Project object */ = {
			isa = PBXProject;
			attributes = {
				LastUpgradeCheck = 0700;
				ORGANIZATIONNAME = Mamo;
				TargetAttributes = {
					3B6F415B1B861E7000DC5892 = {
						CreatedOnToolsVersion = 7.0;
						DevelopmentTeam = 8QD8UXXG6A;
					};
				};
			};
			buildConfigurationList = 3B6F41571B861E7000DC5892 /* Build configuration list for PBXProject "Fun Facts" */;
			compatibilityVersion = "Xcode 3.2";
			developmentRegion = English;
			hasScannedForEncodings = 0;
			knownRegions = (
				en,
				Base,
			);
			mainGroup = 3B6F41531B861E7000DC5892;
			productRefGroup = 3B6F415D1B861E7000DC5892 /* Products */;
			projectDirPath = "";
			projectRoot = "";
			targets = (
				3B6F415B1B861E7000DC5892 /* Fun Facts */,
			);
		};
/* End PBXProject section */

/* Begin PBXResourcesBuildPhase section */
		3B6F415A1B861E7000DC5892 /* Resources */ = {
			isa = PBXResourcesBuildPhase;
			buildActionMask = 2147483647;
			files = (
				3B6F416A1B861E7000DC5892 /* LaunchScreen.storyboard in Resources */,
				3B6F41671B861E7000DC5892 /* Assets.xcassets in Resources */,
				3B6F41651B861E7000DC5892 /* Main.storyboard in Resources */,
			);
			runOnlyForDeploymentPostprocessing = 0;
		};
/* End PBXResourcesBuildPhase section */

/* Begin PBXSourcesBuildPhase section */
		3B6F41581B861E7000DC5892 /* Sources */ = {
			isa = PBXSourcesBuildPhase;
			buildActionMask = 2147483647;
			files = (
				3B6F41721B86383C00DC5892 /* FactBook.swift in Sources */,
				3B6F41621B861E7000DC5892 /* ViewController.swift in Sources */,
				3B6F41601B861E7000DC5892 /* AppDelegate.swift in Sources */,
				3B6F41741B86442300DC5892 /* ColorWheel.swift in Sources */,
			);
			runOnlyForDeploymentPostprocessing = 0;
		};
/* End PBXSourcesBuildPhase section */

/* Begin PBXVariantGroup section */
		3B6F41631B861E7000DC5892 /* Main.storyboard */ = {
			isa = PBXVariantGroup;
			children = (
				3B6F41641B861E7000DC5892 /* Base */,
			);
			name = Main.storyboard;
			sourceTree = "<group>";
		};
		3B6F41681B861E7000DC5892 /* LaunchScreen.storyboard */ = {
			isa = PBXVariantGroup;
			children = (
				3B6F41691B861E7000DC5892 /* Base */,
			);
			name = LaunchScreen.storyboard;
			sourceTree = "<group>";
		};
/* End PBXVariantGroup section */

/* Begin XCBuildConfiguration section */
		3B6F416C1B861E7000DC5892 /* Debug */ = {
			isa = XCBuildConfiguration;
			buildSettings = {
				ALWAYS_SEARCH_USER_PATHS = NO;
				CLANG_CXX_LANGUAGE_STANDARD = "gnu++0x";
				CLANG_CXX_LIBRARY = "libc++";
				CLANG_ENABLE_MODULES = YES;
				CLANG_ENABLE_OBJC_ARC = YES;
				CLANG_WARN_BOOL_CONVERSION = YES;
				CLANG_WARN_CONSTANT_CONVERSION = YES;
				CLANG_WARN_DIRECT_OBJC_ISA_USAGE = YES_ERROR;
				CLANG_WARN_EMPTY_BODY = YES;
				CLANG_WARN_ENUM_CONVERSION = YES;
				CLANG_WARN_INT_CONVERSION = YES;
				CLANG_WARN_OBJC_ROOT_CLASS = YES_ERROR;
				CLANG_WARN_UNREACHABLE_CODE = YES;
				CLANG_WARN__DUPLICATE_METHOD_MATCH = YES;
				"CODE_SIGN_IDENTITY[sdk=iphoneos*]" = "iPhone Developer";
				COPY_PHASE_STRIP = NO;
				DEBUG_INFORMATION_FORMAT = dwarf;
				ENABLE_STRICT_OBJC_MSGSEND = YES;
				ENABLE_TESTABILITY = YES;
				GCC_C_LANGUAGE_STANDARD = gnu99;
				GCC_DYNAMIC_NO_PIC = NO;
				GCC_NO_COMMON_BLOCKS = YES;
				GCC_OPTIMIZATION_LEVEL = 0;
				GCC_PREPROCESSOR_DEFINITIONS = (
					"DEBUG=1",
					"$(inherited)",
				);
				GCC_WARN_64_TO_32_BIT_CONVERSION = YES;
				GCC_WARN_ABOUT_RETURN_TYPE = YES_ERROR;
				GCC_WARN_UNDECLARED_SELECTOR = YES;
				GCC_WARN_UNINITIALIZED_AUTOS = YES_AGGRESSIVE;
				GCC_WARN_UNUSED_FUNCTION = YES;
				GCC_WARN_UNUSED_VARIABLE = YES;
				IPHONEOS_DEPLOYMENT_TARGET = 9.0;
				MTL_ENABLE_DEBUG_INFO = YES;
				ONLY_ACTIVE_ARCH = YES;
				SDKROOT = iphoneos;
				SWIFT_OPTIMIZATION_LEVEL = "-Onone";
			};
			name = Debug;
		};
		3B6F416D1B861E7000DC5892 /* Release */ = {
			isa = XCBuildConfiguration;
			buildSettings = {
				ALWAYS_SEARCH_USER_PATHS = NO;
				CLANG_CXX_LANGUAGE_STANDARD = "gnu++0x";
				CLANG_CXX_LIBRARY = "libc++";
				CLANG_ENABLE_MODULES = YES;
				CLANG_ENABLE_OBJC_ARC = YES;
				CLANG_WARN_BOOL_CONVERSION = YES;
				CLANG_WARN_CONSTANT_CONVERSION = YES;
				CLANG_WARN_DIRECT_OBJC_ISA_USAGE = YES_ERROR;
				CLANG_WARN_EMPTY_BODY = YES;
				CLANG_WARN_ENUM_CONVERSION = YES;
				CLANG_WARN_INT_CONVERSION = YES;
				CLANG_WARN_OBJC_ROOT_CLASS = YES_ERROR;
				CLANG_WARN_UNREACHABLE_CODE = YES;
				CLANG_WARN__DUPLICATE_METHOD_MATCH = YES;
				"CODE_SIGN_IDENTITY[sdk=iphoneos*]" = "iPhone Developer";
				COPY_PHASE_STRIP = NO;
				DEBUG_INFORMATION_FORMAT = "dwarf-with-dsym";
				ENABLE_NS_ASSERTIONS = NO;
				ENABLE_STRICT_OBJC_MSGSEND = YES;
				GCC_C_LANGUAGE_STANDARD = gnu99;
				GCC_NO_COMMON_BLOCKS = YES;
				GCC_WARN_64_TO_32_BIT_CONVERSION = YES;
				GCC_WARN_ABOUT_RETURN_TYPE = YES_ERROR;
				GCC_WARN_UNDECLARED_SELECTOR = YES;
				GCC_WARN_UNINITIALIZED_AUTOS = YES_AGGRESSIVE;
				GCC_WARN_UNUSED_FUNCTION = YES;
				GCC_WARN_UNUSED_VARIABLE = YES;
				IPHONEOS_DEPLOYMENT_TARGET = 9.0;
				MTL_ENABLE_DEBUG_INFO = NO;
				SDKROOT = iphoneos;
				VALIDATE_PRODUCT = YES;
			};
			name = Release;
		};
		3B6F416F1B861E7000DC5892 /* Debug */ = {
			isa = XCBuildConfiguration;
			buildSettings = {
				ASSETCATALOG_COMPILER_APPICON_NAME = AppIcon;
				CODE_SIGN_IDENTITY = "iPhone Developer";
				"CODE_SIGN_IDENTITY[sdk=iphoneos*]" = "iPhone Developer";
				INFOPLIST_FILE = "Fun Facts/Info.plist";
				IPHONEOS_DEPLOYMENT_TARGET = 8.0;
				LD_RUNPATH_SEARCH_PATHS = "$(inherited) @executable_path/Frameworks";
				PRODUCT_BUNDLE_IDENTIFIER = "Mamo.Fun-Facts";
				PRODUCT_NAME = "$(TARGET_NAME)";
				PROVISIONING_PROFILE = "";
				TARGETED_DEVICE_FAMILY = 1;
			};
			name = Debug;
		};
		3B6F41701B861E7000DC5892 /* Release */ = {
			isa = XCBuildConfiguration;
			buildSettings = {
				ASSETCATALOG_COMPILER_APPICON_NAME = AppIcon;
				CODE_SIGN_IDENTITY = "iPhone Developer";
				"CODE_SIGN_IDENTITY[sdk=iphoneos*]" = "iPhone Developer";
				INFOPLIST_FILE = "Fun Facts/Info.plist";
				IPHONEOS_DEPLOYMENT_TARGET = 8.0;
				LD_RUNPATH_SEARCH_PATHS = "$(inherited) @executable_path/Frameworks";
				PRODUCT_BUNDLE_IDENTIFIER = "Mamo.Fun-Facts";
				PRODUCT_NAME = "$(TARGET_NAME)";
				PROVISIONING_PROFILE = "";
				TARGETED_DEVICE_FAMILY = 1;
			};
			name = Release;
		};
/* End XCBuildConfiguration section */

/* Begin XCConfigurationList section */
		3B6F41571B861E7000DC5892 /* Build configuration list for PBXProject "Fun Facts" */ = {
			isa = XCConfigurationList;
			buildConfigurations = (
				3B6F416C1B861E7000DC5892 /* Debug */,
				3B6F416D1B861E7000DC5892 /* Release */,
			);
			defaultConfigurationIsVisible = 0;
			defaultConfigurationName = Release;
		};
		3B6F416E1B861E7000DC5892 /* Build configuration list for PBXNativeTarget "Fun Facts" */ = {
			isa = XCConfigurationList;
			buildConfigurations = (
				3B6F416F1B861E7000DC5892 /* Debug */,
				3B6F41701B861E7000DC5892 /* Release */,
			);
			defaultConfigurationIsVisible = 0;
			defaultConfigurationName = Release;
		};
/* End XCConfigurationList section */
	};
	rootObject = 3B6F41541B861E7000DC5892 /* Project object */;
}
